# This file is automatically @generated by Cargo.
# It is not intended for manual editing.
version = 4

[[package]]
name = "ghostty-sys"
version = "0.1.0"

[[package]]
name = "ply-agents"
version = "0.1.0"
dependencies = [
 "ply-proto",
]

[[package]]
name = "ply-daemon"
version = "0.1.0"
dependencies = [
 "ply-agents",
 "ply-proto",
 "ply-term",
]

[[package]]
name = "ply-hook"
version = "0.1.0"

[[package]]
name = "ply-proto"
version = "0.1.0"

[[package]]
name = "ply-term"
version = "0.1.0"
dependencies = [
 "ghostty-sys",
 "ply-proto",
]
